
Microsoft Visual Studio Solution File, Format Version 12.00
# Visual Studio 14
VisualStudioVersion = 14.0.25420.1
MinimumVisualStudioVersion = 10.0.40219.1
Project("{FAE04EC0-301F-11D3-BF4B-00C04F79EFBC}") = "NvoProj", "NvoProj\NvoProj.csproj", "{E689D34B-4075-4482-9D72-C7E3F1728DB2}"
EndProject
Project("{FAE04EC0-301F-11D3-BF4B-00C04F79EFBC}") = "FormaDai", "..\..\..\..\Documents\Visual Studio 2015\Projects\FormaDai\FormaDai\FormaDai.csproj", "{CCF4B0E5-7F45-4288-A323-04110E2F0209}"
EndProject
Global
	GlobalSection(SolutionConfigurationPlatforms) = preSolution
		Debug|Any CPU = Debug|Any CPU
		Release|Any CPU = Release|Any CPU
	EndGlobalSection
	GlobalSection(ProjectConfigurationPlatforms) = postSolution
		{E689D34B-4075-4482-9D72-C7E3F1728DB2}.Debug|Any CPU.ActiveCfg = Debug|Any CPU
		{E689D34B-4075-4482-9D72-C7E3F1728DB2}.Debug|Any CPU.Build.0 = Debug|Any CPU
		{E689D34B-4075-4482-9D72-C7E3F1728DB2}.Release|Any CPU.ActiveCfg = Release|Any CPU
		{E689D34B-4075-4482-9D72-C7E3F1728DB2}.Release|Any CPU.Build.0 = Release|Any CPU
		{CCF4B0E5-7F45-4288-A323-04110E2F0209}.Debug|Any CPU.ActiveCfg = Debug|Any CPU
		{CCF4B0E5-7F45-4288-A323-04110E2F0209}.Debug|Any CPU.Build.0 = Debug|Any CPU
		{CCF4B0E5-7F45-4288-A323-04110E2F0209}.Release|Any CPU.ActiveCfg = Release|Any CPU
		{CCF4B0E5-7F45-4288-A323-04110E2F0209}.Release|Any CPU.Build.0 = Release|Any CPU
	EndGlobalSection
	GlobalSection(SolutionProperties) = preSolution
		HideSolutionNode = FALSE
	EndGlobalSection
EndGlobal
